
Microsoft Visual Studio Solution File, Format Version 12.00
# Visual Studio 15
VisualStudioVersion = 15.0.28307.136
MinimumVisualStudioVersion = 10.0.40219.1
Project("{9A19103F-16F7-4668-BE54-9A1E7A4F7556}") = "raytracinginoneweekend", "ConsoleApp\raytracinginoneweekend.csproj", "{1BC19BD2-A188-48C1-9016-14FE33EB0DE3}"
EndProject
Project("{9A19103F-16F7-4668-BE54-9A1E7A4F7556}") = "ServerlessTracing", "ServerlessTracing\ServerlessTracing.csproj", "{D0DD4CFA-00A5-4062-AEBF-F2F78175A84B}"
EndProject
Project("{9A19103F-16F7-4668-BE54-9A1E7A4F7556}") = "RenderLib", "RenderLib\RenderLib.csproj", "{21E276FF-D200-4763-B452-E5B6D837F273}"
EndProject
Project("{9A19103F-16F7-4668-BE54-9A1E7A4F7556}") = "renderlibTests", "renderlibTests\renderlibTests.csproj", "{71E1E6ED-742E-4B77-8E2B-E03F748C8D72}"
EndProject
Project("{FAE04EC0-301F-11D3-BF4B-00C04F79EFBC}") = "InteractiveRender", "InteractiveRender\InteractiveRender.csproj", "{946266C3-7CFB-4766-8C41-F0A958361C30}"
EndProject
Global
	GlobalSection(SolutionConfigurationPlatforms) = preSolution
		Debug|Any CPU = Debug|Any CPU
		Release|Any CPU = Release|Any CPU
	EndGlobalSection
	GlobalSection(ProjectConfigurationPlatforms) = postSolution
		{1BC19BD2-A188-48C1-9016-14FE33EB0DE3}.Debug|Any CPU.ActiveCfg = Debug|Any CPU
		{1BC19BD2-A188-48C1-9016-14FE33EB0DE3}.Debug|Any CPU.Build.0 = Debug|Any CPU
		{1BC19BD2-A188-48C1-9016-14FE33EB0DE3}.Release|Any CPU.ActiveCfg = Release|Any CPU
		{1BC19BD2-A188-48C1-9016-14FE33EB0DE3}.Release|Any CPU.Build.0 = Release|Any CPU
		{D0DD4CFA-00A5-4062-AEBF-F2F78175A84B}.Debug|Any CPU.ActiveCfg = Debug|Any CPU
		{D0DD4CFA-00A5-4062-AEBF-F2F78175A84B}.Debug|Any CPU.Build.0 = Debug|Any CPU
		{D0DD4CFA-00A5-4062-AEBF-F2F78175A84B}.Release|Any CPU.ActiveCfg = Release|Any CPU
		{D0DD4CFA-00A5-4062-AEBF-F2F78175A84B}.Release|Any CPU.Build.0 = Release|Any CPU
		{21E276FF-D200-4763-B452-E5B6D837F273}.Debug|Any CPU.ActiveCfg = Debug|Any CPU
		{21E276FF-D200-4763-B452-E5B6D837F273}.Debug|Any CPU.Build.0 = Debug|Any CPU
		{21E276FF-D200-4763-B452-E5B6D837F273}.Release|Any CPU.ActiveCfg = Release|Any CPU
		{21E276FF-D200-4763-B452-E5B6D837F273}.Release|Any CPU.Build.0 = Release|Any CPU
		{71E1E6ED-742E-4B77-8E2B-E03F748C8D72}.Debug|Any CPU.ActiveCfg = Debug|Any CPU
		{71E1E6ED-742E-4B77-8E2B-E03F748C8D72}.Debug|Any CPU.Build.0 = Debug|Any CPU
		{71E1E6ED-742E-4B77-8E2B-E03F748C8D72}.Release|Any CPU.ActiveCfg = Release|Any CPU
		{71E1E6ED-742E-4B77-8E2B-E03F748C8D72}.Release|Any CPU.Build.0 = Release|Any CPU
		{946266C3-7CFB-4766-8C41-F0A958361C30}.Debug|Any CPU.ActiveCfg = Debug|Any CPU
		{946266C3-7CFB-4766-8C41-F0A958361C30}.Debug|Any CPU.Build.0 = Debug|Any CPU
		{946266C3-7CFB-4766-8C41-F0A958361C30}.Release|Any CPU.ActiveCfg = Release|Any CPU
		{946266C3-7CFB-4766-8C41-F0A958361C30}.Release|Any CPU.Build.0 = Release|Any CPU
	EndGlobalSection
	GlobalSection(SolutionProperties) = preSolution
		HideSolutionNode = FALSE
	EndGlobalSection
	GlobalSection(ExtensibilityGlobals) = postSolution
		SolutionGuid = {C67C1C93-6830-463B-9233-76193F69997F}
	EndGlobalSection
EndGlobal
